
Microsoft Visual Studio Solution File, Format Version 12.00
# Visual Studio Version 16
VisualStudioVersion = 16.0.28803.156
MinimumVisualStudioVersion = 10.0.40219.1
Project("{E24C65DC-7377-472B-9ABA-BC803B73C61A}") = "medemalabs", ".", "{DC21D1E9-9AE8-45A5-86B2-D2D48AF8775D}"
	ProjectSection(WebsiteProperties) = preProject
		TargetFrameworkMoniker = ".NETFramework,Version%3Dv4.0"
		Debug.AspNetCompiler.VirtualPath = "/localhost_60515"
		Debug.AspNetCompiler.PhysicalPath = "..\medemalabs\"
		Debug.AspNetCompiler.TargetPath = "PrecompiledWeb\localhost_60515\"
		Debug.AspNetCompiler.Updateable = "true"
		Debug.AspNetCompiler.ForceOverwrite = "true"
		Debug.AspNetCompiler.FixedNames = "false"
		Debug.AspNetCompiler.Debug = "True"
		Release.AspNetCompiler.VirtualPath = "/localhost_60515"
		Release.AspNetCompiler.PhysicalPath = "..\medemalabs\"
		Release.AspNetCompiler.TargetPath = "PrecompiledWeb\localhost_60515\"
		Release.AspNetCompiler.Updateable = "true"
		Release.AspNetCompiler.ForceOverwrite = "true"
		Release.AspNetCompiler.FixedNames = "false"
		Release.AspNetCompiler.Debug = "False"
		VWDPort = "60515"
		SlnRelativePath = "..\medemalabs\"
	EndProjectSection
EndProject
Global
	GlobalSection(SolutionConfigurationPlatforms) = preSolution
		Debug|Any CPU = Debug|Any CPU
	EndGlobalSection
	GlobalSection(ProjectConfigurationPlatforms) = postSolution
		{DC21D1E9-9AE8-45A5-86B2-D2D48AF8775D}.Debug|Any CPU.ActiveCfg = Debug|Any CPU
		{DC21D1E9-9AE8-45A5-86B2-D2D48AF8775D}.Debug|Any CPU.Build.0 = Debug|Any CPU
	EndGlobalSection
	GlobalSection(SolutionProperties) = preSolution
		HideSolutionNode = FALSE
	EndGlobalSection
	GlobalSection(ExtensibilityGlobals) = postSolution
		SolutionGuid = {957E25B9-5CFE-4922-A05F-40FB4FEADF7E}
	EndGlobalSection
EndGlobal
